
Microsoft Visual Studio Solution File, Format Version 12.00
# Visual Studio 15
VisualStudioVersion = 15.0.27130.0
MinimumVisualStudioVersion = 10.0.40219.1
Project("{FAE04EC0-301F-11D3-BF4B-00C04F79EFBC}") = "Assignment1.1", "Assignment1.1\Assignment1.1.csproj", "{5AA0DF74-BF42-4E56-A38C-EC0B179DBF29}"
EndProject
Global
	GlobalSection(SolutionConfigurationPlatforms) = preSolution
		Debug|Any CPU = Debug|Any CPU
		Release|Any CPU = Release|Any CPU
	EndGlobalSection
	GlobalSection(ProjectConfigurationPlatforms) = postSolution
		{5AA0DF74-BF42-4E56-A38C-EC0B179DBF29}.Debug|Any CPU.ActiveCfg = Debug|Any CPU
		{5AA0DF74-BF42-4E56-A38C-EC0B179DBF29}.Debug|Any CPU.Build.0 = Debug|Any CPU
		{5AA0DF74-BF42-4E56-A38C-EC0B179DBF29}.Release|Any CPU.ActiveCfg = Release|Any CPU
		{5AA0DF74-BF42-4E56-A38C-EC0B179DBF29}.Release|Any CPU.Build.0 = Release|Any CPU
	EndGlobalSection
	GlobalSection(SolutionProperties) = preSolution
		HideSolutionNode = FALSE
	EndGlobalSection
	GlobalSection(ExtensibilityGlobals) = postSolution
		SolutionGuid = {670B230E-0728-4E6F-A2C1-246C926C93F0}
	EndGlobalSection
EndGlobal
